
Microsoft Visual Studio Solution File, Format Version 12.00
# Visual Studio Version 17
VisualStudioVersion = 17.6.33829.357
MinimumVisualStudioVersion = 10.0.40219.1
Project("{FAE04EC0-301F-11D3-BF4B-00C04F79EFBC}") = "HM_Cient", "HM_Cient\HM_Cient.csproj", "{AB50B4B6-46C0-45C7-936B-E644E2D250C9}"
EndProject
Global
	GlobalSection(SolutionConfigurationPlatforms) = preSolution
		Debug|Any CPU = Debug|Any CPU
		Release|Any CPU = Release|Any CPU
	EndGlobalSection
	GlobalSection(ProjectConfigurationPlatforms) = postSolution
		{AB50B4B6-46C0-45C7-936B-E644E2D250C9}.Debug|Any CPU.ActiveCfg = Debug|Any CPU
		{AB50B4B6-46C0-45C7-936B-E644E2D250C9}.Debug|Any CPU.Build.0 = Debug|Any CPU
		{AB50B4B6-46C0-45C7-936B-E644E2D250C9}.Release|Any CPU.ActiveCfg = Release|Any CPU
		{AB50B4B6-46C0-45C7-936B-E644E2D250C9}.Release|Any CPU.Build.0 = Release|Any CPU
	EndGlobalSection
	GlobalSection(SolutionProperties) = preSolution
		HideSolutionNode = FALSE
	EndGlobalSection
	GlobalSection(ExtensibilityGlobals) = postSolution
		SolutionGuid = {65B1D371-19B8-4C77-822C-76FCEFF55CDF}
	EndGlobalSection
EndGlobal
